github.com/72nd/escposimg v0.2.3 h1:Wia9IOj/Ujsv6GQB8EENb8yL5caKFSupC4HErJ0C3S0=
github.com/72nd/escposimg v0.2.3/go.mod h1:JUIfb0KiQBQn1e57HFF5jI4U023Tf3RyKzflKAon5h0=
github.com/davecgh/go-spew v1.1.1 h1:vj9j/u1bqnvCEfJOwUhtlOARqs3+rkHYY13jYWTU97c=
github.com/davecgh/go-spew v1.1.1/go.mod h1:J7Y8YcW2NihsgmVo/mv3lAwl/skON4iLHjSsI+c5H38=
github.com/ebitengine/purego v0.8.4 h1:CF7LEKg5FFOsASUj0+QwaXf8Ht6TlFxg09+S9wz0omw=
github.com/ebitengine/purego v0.8.4/go.mod h1:iIjxzd6CiRiOG0UyXP+V1+jWqUXVjPKLAI0mRfJZTmQ=
github.com/gen2brain/go-fitz v1.24.15 h1:sJNB1MOWkqnzzENPHggFpgxTwW0+S5WF/rM5wUBpJWo=
github.com/gen2brain/go-fitz v1.24.15/go.mod h1:SftkiVbTHqF141DuiLwBBM65zP7ig6AVDQpf2WlHamo=
github.com/gosnmp/gosnmp v1.43.2 h1:F9loz6uMCNtIQj0RNO5wz/mZ+FZt2WyNKJYOvw+Zosw=
github.com/gosnmp/gosnmp v1.43.2/go.mod h1:smHIwoaqr1M+HTAEd7+mKkPs8lp3Lf/U+htPUql1Q3c=
github.com/joeyak/go-escpos v0.0.0-20240726212354-841a59200e8c h1:U+wqOsdkZvA0sjOtR5c46pdn9J30bTB0aC+W9bp9dSs=
github.com/joeyak/go-escpos v0.0.0-20240726212354-841a59200e8c/go.mod h1:ZEtdkn+a2GC5r1SxegZuLVfD4f01p0jsI3uuQ5wEuS4=
github.com/jupiterrider/ffi v0.5.0 h1:j2nSgpabbV1JOwgP4Kn449sJUHq3cVLAZVBoOYn44V8=
github.com/jupiterrider/ffi v0.5.0/go.mod h1:x7xdNKo8h0AmLuXfswDUBxUsd2OqUP4ekC8sCnsmbvo=
github.com/nfnt/resize v0.0.0-20180221191011-83c6a9932646 h1:zYyBkD/k9seD2A7fsi6Oo2LfFZAehjjQMERAvZLEDnQ=
github.com/nfnt/resize v0.0.0-20180221191011-83c6a9932646/go.mod h1:jpp1/29i3P1S/RLdc7JQKbRpFeM1dOBd8T9ki5s+AY8=
github.com/pmezard/go-difflib v1.0.0 h1:4DBwDE0NGyQoBHbLQYPwSUPoCMWR5BEzIk/f1lZbAQM=
github.com/pmezard/go-difflib v1.0.0/go.mod h1:iKH77koFhYxTK1pcRnkKkqfTogsbg7gZNVY4sRDYZ/4=
github.com/spakin/netpbm v1.3.2 h1:ZAb16Sw/+b4QeO9NokEvejVvbrYdF6DdcYJe0dKONL0=
github.com/spakin/netpbm v1.3.2/go.mod h1:cVep9uXARFgAu2UU+0c+OE1J+eKmDN2hW0EN+tazkTA=
github.com/stretchr/testify v1.11.1 h1:7s2iGBzp5EwR7/aIZr8ao5+dra3wiQyKjjFuvgVKu7U=
github.com/stretchr/testify v1.11.1/go.mod h1:wZwfW3scLgRK+23gO65QZefKpKQRnfz6sD981Nm4B6U=
golang.org/x/sys v0.40.0 h1:DBZZqJ2Rkml6QMQsZywtnjnnGvHza6BTfYFWY9kjEWQ=
golang.org/x/sys v0.40.0/go.mod h1:OgkHotnGiDImocRcuBABYBEXf8A9a87e/uXjp9XT3ks=
gopkg.in/yaml.v3 v3.0.1 h1:fxVm/GzAzEWqLHuvctI91KS9hhNmmWOoWu0XTYJS7CA=
gopkg.in/yaml.v3 v3.0.1/go.mod h1:K4uyk7z7BCEPqu6E+C64Yfv1cQ7kz7rIZviUmN+EgEM=
